{
    "name": "JS",
    "lockfileVersion": 3,
    "requires": true,
    "packages": {
        "": {
            "dependencies": {
                "papaparse": "^5.4.1"
            }
        },
        "node_modules/papaparse": {
            "version": "5.5.2",
            "resolved": "https://registry.npmjs.org/papaparse/-/papaparse-5.5.2.tgz",
            "integrity": "sha512-PZXg8UuAc4PcVwLosEEDYjPyfWnTEhOrUfdv+3Bx+NuAb+5NhDmXzg5fHWmdCh1mP5p7JAZfFr3IMQfcntNAdA==",
            "license": "MIT"
        }
    }
}
